# This file is generated by running "yarn install" inside your project.
# Manual changes might be lost - proceed with caution!

__metadata:
  version: 4
  cacheKey: 8

"@tootallnate/once@npm:1":
  version: 1.1.2
  resolution: "@tootallnate/once@npm:1.1.2"
  checksum: e1fb1bbbc12089a0cb9433dc290f97bddd062deadb6178ce9bcb93bb7c1aecde5e60184bc7065aec42fe1663622a213493c48bbd4972d931aae48315f18e1be9
  languageName: node
  linkType: hard

"@zeit/schemas@npm:2.6.0":
  version: 2.6.0
  resolution: "@zeit/schemas@npm:2.6.0"
  checksum: 7f2175ee34fad1a37da20882f9cda038ebb43a99ceaf30877f1676044669adde714ee56de6f1fcb57214dfa4479995a63fb2d053fe9f877b6852cdc1e4da574c
  languageName: node
  linkType: hard

"abab@npm:^2.0.3, abab@npm:^2.0.5":
  version: 2.0.5
  resolution: "abab@npm:2.0.5"
  checksum: 0ec951b46d5418c2c2f923021ec193eaebdb4e802ffd5506286781b454be722a13a8430f98085cd3e204918401d9130ec6cc8f5ae19be315b3a0e857d83196e1
  languageName: node
  linkType: hard

"accepts@npm:~1.3.5":
  version: 1.3.7
  resolution: "accepts@npm:1.3.7"
  dependencies:
    mime-types: ~2.1.24
    negotiator: 0.6.2
  checksum: 27fc8060ffc69481ff6719cd3ee06387d2b88381cb0ce626f087781bbd02201a645a9febc8e7e7333558354b33b1d2f922ad13560be4ec1b7ba9e76fc1c1241d
  languageName: node
  linkType: hard

"acorn-globals@npm:^6.0.0":
  version: 6.0.0
  resolution: "acorn-globals@npm:6.0.0"
  dependencies:
    acorn: ^7.1.1
    acorn-walk: ^7.1.1
  checksum: 72d95e5b5e585f9acd019b993ab8bbba68bb3cbc9d9b5c1ebb3c2f1fe5981f11deababfb4949f48e6262f9c57878837f5958c0cca396f81023814680ca878042
  languageName: node
  linkType: hard

"acorn-walk@npm:^7.1.1":
  version: 7.2.0
  resolution: "acorn-walk@npm:7.2.0"
  checksum: 9252158a79b9d92f1bc0dd6acc0fcfb87a67339e84bcc301bb33d6078936d27e35d606b4d35626d2962cd43c256d6f27717e70cbe15c04fff999ab0b2260b21f
  languageName: node
  linkType: hard

"acorn@npm:^7.1.1":
  version: 7.4.1
  resolution: "acorn@npm:7.4.1"
  bin:
    acorn: bin/acorn
  checksum: 1860f23c2107c910c6177b7b7be71be350db9e1080d814493fae143ae37605189504152d1ba8743ba3178d0b37269ce1ffc42b101547fdc1827078f82671e407
  languageName: node
  linkType: hard

"acorn@npm:^8.4.1":
  version: 8.5.0
  resolution: "acorn@npm:8.5.0"
  bin:
    acorn: bin/acorn
  checksum: 2e4c1dbed3da327684863debf31d341bf8882c6893c506653872c00977eee45675feb9129255d6c74c88424d2b20d889ca6de5b39776e5e3cccfc756b3ca1da8
  languageName: node
  linkType: hard

"agent-base@npm:6":
  version: 6.0.2
  resolution: "agent-base@npm:6.0.2"
  dependencies:
    debug: 4
  checksum: f52b6872cc96fd5f622071b71ef200e01c7c4c454ee68bc9accca90c98cfb39f2810e3e9aa330435835eedc8c23f4f8a15267f67c6e245d2b33757575bdac49d
  languageName: node
  linkType: hard

"ajv@npm:6.12.6":
  version: 6.12.6
  resolution: "ajv@npm:6.12.6"
  dependencies:
    fast-deep-equal: ^3.1.1
    fast-json-stable-stringify: ^2.0.0
    json-schema-traverse: ^0.4.1
    uri-js: ^4.2.2
  checksum: 874972efe5c4202ab0a68379481fbd3d1b5d0a7bd6d3cc21d40d3536ebff3352a2a1fabb632d4fd2cc7fe4cbdcd5ed6782084c9bbf7f32a1536d18f9da5007d4
  languageName: node
  linkType: hard

"ansi-align@npm:^2.0.0":
  version: 2.0.0
  resolution: "ansi-align@npm:2.0.0"
  dependencies:
    string-width: ^2.0.0
  checksum: fecefb3b4a128aaad52ed1d2ee2f999968acc77573645be49666273ec2952840e27aed8cb9c2e48cd0c2d5a088389223eabb6d09aa74bceba3b931d242288c97
  languageName: node
  linkType: hard

"ansi-regex@npm:^3.0.0":
  version: 3.0.0
  resolution: "ansi-regex@npm:3.0.0"
  checksum: 2ad11c416f81c39f5c65eafc88cf1d71aa91d76a2f766e75e457c2a3c43e8a003aadbf2966b61c497aa6a6940a36412486c975b3270cdfc3f413b69826189ec3
  languageName: node
  linkType: hard

"ansi-regex@npm:^5.0.0":
  version: 5.0.1
  resolution: "ansi-regex@npm:5.0.1"
  checksum: 2aa4bb54caf2d622f1afdad09441695af2a83aa3fe8b8afa581d205e57ed4261c183c4d3877cee25794443fde5876417d859c108078ab788d6af7e4fe52eb66b
  languageName: node
  linkType: hard

"ansi-styles@npm:^3.2.1":
  version: 3.2.1
  resolution: "ansi-styles@npm:3.2.1"
  dependencies:
    color-convert: ^1.9.0
  checksum: d85ade01c10e5dd77b6c89f34ed7531da5830d2cb5882c645f330079975b716438cd7ebb81d0d6e6b4f9c577f19ae41ab55f07f19786b02f9dfd9e0377395665
  languageName: node
  linkType: hard

"arch@npm:^2.1.1":
  version: 2.2.0
  resolution: "arch@npm:2.2.0"
  checksum: e21b7635029fe8e9cdd5a026f9a6c659103e63fff423834323cdf836a1bb240a72d0c39ca8c470f84643385cf581bd8eda2cad8bf493e27e54bd9783abe9101f
  languageName: node
  linkType: hard

"arg@npm:2.0.0":
  version: 2.0.0
  resolution: "arg@npm:2.0.0"
  checksum: eeadcfa6160847452ac1973d1c6990e2133e50972d56f80f3601f83a465daa88431cb430cc12101d90b01719361a55a166b03f489143b6ba2acd2304714ebe74
  languageName: node
  linkType: hard

"asynckit@npm:^0.4.0":
  version: 0.4.0
  resolution: "asynckit@npm:0.4.0"
  checksum: 7b78c451df768adba04e2d02e63e2d0bf3b07adcd6e42b4cf665cb7ce899bedd344c69a1dcbce355b5f972d597b25aaa1c1742b52cffd9caccb22f348114f6be
  languageName: node
  linkType: hard

"await-to-js@npm:^3.0.0":
  version: 3.0.0
  resolution: "await-to-js@npm:3.0.0"
  checksum: b6e9dcf9f0990312d2ae28fcfa0a2c2d1ba48baaa161591fba61d3accf97072ce8a7187ee4e889f3148e1707a7ed1d174b9dd04ce4f79f02d7f8c9e017e90f8e
  languageName: node
  linkType: hard

"axios@npm:^0.21.4":
  version: 0.21.4
  resolution: "axios@npm:0.21.4"
  dependencies:
    follow-redirects: ^1.14.0
  checksum: 44245f24ac971e7458f3120c92f9d66d1fc695e8b97019139de5b0cc65d9b8104647db01e5f46917728edfc0cfd88eb30fc4c55e6053eef4ace76768ce95ff3c
  languageName: node
  linkType: hard

"balanced-match@npm:^1.0.0":
  version: 1.0.2
  resolution: "balanced-match@npm:1.0.2"
  checksum: 9706c088a283058a8a99e0bf91b0a2f75497f185980d9ffa8b304de1d9e58ebda7c72c07ebf01dadedaac5b2907b2c6f566f660d62bd336c3468e960403b9d65
  languageName: node
  linkType: hard

"bottleneck@npm:^2.19.5":
  version: 2.19.5
  resolution: "bottleneck@npm:2.19.5"
  checksum: c5eef1bbea12cef1f1405e7306e7d24860568b0f7ac5eeab706a86762b3fc65ef6d1c641c8a166e4db90f412fc5c948fc5ce8008a8cd3d28c7212ef9c3482bda
  languageName: node
  linkType: hard

"boxen@npm:1.3.0":
  version: 1.3.0
  resolution: "boxen@npm:1.3.0"
  dependencies:
    ansi-align: ^2.0.0
    camelcase: ^4.0.0
    chalk: ^2.0.1
    cli-boxes: ^1.0.0
    string-width: ^2.0.0
    term-size: ^1.2.0
    widest-line: ^2.0.0
  checksum: 8dad2081bfaf5a86cb85685882b5f22027c5c430ee0974894078f521a44d92a90222fb4391b41fc4575aa1215c9133ea2c6b7feadcd1cb2fae8f4e97c05dbf11
  languageName: node
  linkType: hard

"brace-expansion@npm:^1.1.7":
  version: 1.1.11
  resolution: "brace-expansion@npm:1.1.11"
  dependencies:
    balanced-match: ^1.0.0
    concat-map: 0.0.1
  checksum: faf34a7bb0c3fcf4b59c7808bc5d2a96a40988addf2e7e09dfbb67a2251800e0d14cd2bfc1aa79174f2f5095c54ff27f46fb1289fe2d77dac755b5eb3434cc07
  languageName: node
  linkType: hard

"browser-process-hrtime@npm:^1.0.0":
  version: 1.0.0
  resolution: "browser-process-hrtime@npm:1.0.0"
  checksum: e30f868cdb770b1201afb714ad1575dd86366b6e861900884665fb627109b3cc757c40067d3bfee1ff2a29c835257ea30725a8018a9afd02ac1c24b408b1e45f
  languageName: node
  linkType: hard

"bytes@npm:3.0.0":
  version: 3.0.0
  resolution: "bytes@npm:3.0.0"
  checksum: a2b386dd8188849a5325f58eef69c3b73c51801c08ffc6963eddc9be244089ba32d19347caf6d145c86f315ae1b1fc7061a32b0c1aa6379e6a719090287ed101
  languageName: node
  linkType: hard

"camelcase@npm:^4.0.0":
  version: 4.1.0
  resolution: "camelcase@npm:4.1.0"
  checksum: 9683356daf9b64fae4b30c91f8ceb1f34f22746e03d1804efdbe738357d38b47f206cdd71efcf2ed72018b2e88eeb8ec3f79adb09c02f1253a4b6d5d405ff2ae
  languageName: node
  linkType: hard

"chalk@npm:2.4.1":
  version: 2.4.1
  resolution: "chalk@npm:2.4.1"
  dependencies:
    ansi-styles: ^3.2.1
    escape-string-regexp: ^1.0.5
    supports-color: ^5.3.0
  checksum: 196eb8e99a0c00c6fcef216c794b109fd071931b10ec0f8f305c368fb6d776d0d4857d0028d2cc3561632428d6d94a41d7edf33b506f7540b7c8492f4224d89e
  languageName: node
  linkType: hard

"chalk@npm:^2.0.1":
  version: 2.4.2
  resolution: "chalk@npm:2.4.2"
  dependencies:
    ansi-styles: ^3.2.1
    escape-string-regexp: ^1.0.5
    supports-color: ^5.3.0
  checksum: ec3661d38fe77f681200f878edbd9448821924e0f93a9cefc0e26a33b145f1027a2084bf19967160d11e1f03bfe4eaffcabf5493b89098b2782c3fe0b03d80c2
  languageName: node
  linkType: hard

"cli-boxes@npm:^1.0.0":
  version: 1.0.0
  resolution: "cli-boxes@npm:1.0.0"
  checksum: 101cfd6464a418a76523c332665eaf0641522f30ecc2492de48263ada6b0852333b2ed47b2998ddda621e7008471c51f597f813be798db237c33ba45b27e802a
  languageName: node
  linkType: hard

"cli-progress@npm:^3.9.1":
  version: 3.9.1
  resolution: "cli-progress@npm:3.9.1"
  dependencies:
    colors: ^1.1.2
    string-width: ^4.2.0
  checksum: 1548550b0cf72f34fef9e99adddf70a06748a5c6231c744f3e7b41146b6c7a297136c61e5df4b67ca436a8f5d8308f148d373b2500c4bfe9fb1d9ac5ab78bb20
  languageName: node
  linkType: hard

"clipboardy@npm:2.3.0":
  version: 2.3.0
  resolution: "clipboardy@npm:2.3.0"
  dependencies:
    arch: ^2.1.1
    execa: ^1.0.0
    is-wsl: ^2.1.1
  checksum: 2733790bc8bbb76a5be7706fa4632f655010774e579a9d3ebe31dc10cf44a2b82cf07b0b6f74162e63048ce32d912193c08c5b5311dce5c19fc641a3bda1292b
  languageName: node
  linkType: hard

"color-convert@npm:^1.9.0":
  version: 1.9.3
  resolution: "color-convert@npm:1.9.3"
  dependencies:
    color-name: 1.1.3
  checksum: fd7a64a17cde98fb923b1dd05c5f2e6f7aefda1b60d67e8d449f9328b4e53b228a428fd38bfeaeb2db2ff6b6503a776a996150b80cdf224062af08a5c8a3a203
  languageName: node
  linkType: hard

"color-name@npm:1.1.3":
  version: 1.1.3
  resolution: "color-name@npm:1.1.3"
  checksum: 09c5d3e33d2105850153b14466501f2bfb30324a2f76568a408763a3b7433b0e50e5b4ab1947868e65cb101bb7cb75029553f2c333b6d4b8138a73fcc133d69d
  languageName: node
  linkType: hard

"colors@npm:^1.1.2":
  version: 1.4.0
  resolution: "colors@npm:1.4.0"
  checksum: 98aa2c2418ad87dedf25d781be69dc5fc5908e279d9d30c34d8b702e586a0474605b3a189511482b9d5ed0d20c867515d22749537f7bc546256c6014f3ebdcec
  languageName: node
  linkType: hard

"combined-stream@npm:^1.0.8":
  version: 1.0.8
  resolution: "combined-stream@npm:1.0.8"
  dependencies:
    delayed-stream: ~1.0.0
  checksum: 49fa4aeb4916567e33ea81d088f6584749fc90c7abec76fd516bf1c5aa5c79f3584b5ba3de6b86d26ddd64bae5329c4c7479343250cfe71c75bb366eae53bb7c
  languageName: node
  linkType: hard

"compressible@npm:~2.0.14":
  version: 2.0.18
  resolution: "compressible@npm:2.0.18"
  dependencies:
    mime-db: ">= 1.43.0 < 2"
  checksum: 58321a85b375d39230405654721353f709d0c1442129e9a17081771b816302a012471a9b8f4864c7dbe02eef7f2aaac3c614795197092262e94b409c9be108f0
  languageName: node
  linkType: hard

"compression@npm:1.7.3":
  version: 1.7.3
  resolution: "compression@npm:1.7.3"
  dependencies:
    accepts: ~1.3.5
    bytes: 3.0.0
    compressible: ~2.0.14
    debug: 2.6.9
    on-headers: ~1.0.1
    safe-buffer: 5.1.2
    vary: ~1.1.2
  checksum: f1c24d9d3f30f6ae7ac57a41078ec90ca514112e6d21fc992d1d79d904a2eedb2a96620806f8de9ab85a75dbec94ef9b6dded9a06a6d72faa9bc8c4e3c375072
  languageName: node
  linkType: hard

"concat-map@npm:0.0.1":
  version: 0.0.1
  resolution: "concat-map@npm:0.0.1"
  checksum: 902a9f5d8967a3e2faf138d5cb784b9979bad2e6db5357c5b21c568df4ebe62bcb15108af1b2253744844eb964fc023fbd9afbbbb6ddd0bcc204c6fb5b7bf3af
  languageName: node
  linkType: hard

"content-disposition@npm:0.5.2":
  version: 0.5.2
  resolution: "content-disposition@npm:0.5.2"
  checksum: 298d7da63255a38f7858ee19c7b6aae32b167e911293174b4c1349955e97e78e1d0b0d06c10e229405987275b417cf36ff65cbd4821a98bc9df4e41e9372cde7
  languageName: node
  linkType: hard

"cross-spawn@npm:^5.0.1":
  version: 5.1.0
  resolution: "cross-spawn@npm:5.1.0"
  dependencies:
    lru-cache: ^4.0.1
    shebang-command: ^1.2.0
    which: ^1.2.9
  checksum: 726939c9954fc70c20e538923feaaa33bebc253247d13021737c3c7f68cdc3e0a57f720c0fe75057c0387995349f3f12e20e9bfdbf12274db28019c7ea4ec166
  languageName: node
  linkType: hard

"cross-spawn@npm:^6.0.0":
  version: 6.0.5
  resolution: "cross-spawn@npm:6.0.5"
  dependencies:
    nice-try: ^1.0.4
    path-key: ^2.0.1
    semver: ^5.5.0
    shebang-command: ^1.2.0
    which: ^1.2.9
  checksum: f893bb0d96cd3d5751d04e67145bdddf25f99449531a72e82dcbbd42796bbc8268c1076c6b3ea51d4d455839902804b94bc45dfb37ecbb32ea8e54a6741c3ab9
  languageName: node
  linkType: hard

"cssom@npm:^0.5.0":
  version: 0.5.0
  resolution: "cssom@npm:0.5.0"
  checksum: 823471aa30091c59e0a305927c30e7768939b6af70405808f8d2ce1ca778cddcb24722717392438329d1691f9a87cb0183b64b8d779b56a961546d54854fde01
  languageName: node
  linkType: hard

"cssom@npm:~0.3.6":
  version: 0.3.8
  resolution: "cssom@npm:0.3.8"
  checksum: 24beb3087c76c0d52dd458be9ee1fbc80ac771478a9baef35dd258cdeb527c68eb43204dd439692bb2b1ae5272fa5f2946d10946edab0d04f1078f85e06bc7f6
  languageName: node
  linkType: hard

"cssstyle@npm:^2.3.0":
  version: 2.3.0
  resolution: "cssstyle@npm:2.3.0"
  dependencies:
    cssom: ~0.3.6
  checksum: 5f05e6fd2e3df0b44695c2f08b9ef38b011862b274e320665176467c0725e44a53e341bc4959a41176e83b66064ab786262e7380fd1cabeae6efee0d255bb4e3
  languageName: node
  linkType: hard

"data-urls@npm:^3.0.0":
  version: 3.0.0
  resolution: "data-urls@npm:3.0.0"
  dependencies:
    abab: ^2.0.3
    whatwg-mimetype: ^2.3.0
    whatwg-url: ^9.0.0
  checksum: ab28cf38a5515238bc74fc84bf955b261e2e085ab8f26192ee6abfbd668c060103d0e460d3732a243b5683695b5691e38857e5e0970c689012851399114f3413
  languageName: node
  linkType: hard

"debug@npm:2.6.9":
  version: 2.6.9
  resolution: "debug@npm:2.6.9"
  dependencies:
    ms: 2.0.0
  checksum: d2f51589ca66df60bf36e1fa6e4386b318c3f1e06772280eea5b1ae9fd3d05e9c2b7fd8a7d862457d00853c75b00451aa2d7459b924629ee385287a650f58fe6
  languageName: node
  linkType: hard

"debug@npm:4":
  version: 4.3.2
  resolution: "debug@npm:4.3.2"
  dependencies:
    ms: 2.1.2
  peerDependenciesMeta:
    supports-color:
      optional: true
  checksum: 820ea160e267e23c953c9ed87e7ad93494d8cda2f7349af5e7e3bb236d23707ee3022f477d5a7d2ee86ef2bf7d60aa9ab22d1f58080d7deb9dccd073585e1e43
  languageName: node
  linkType: hard

"decimal.js@npm:^10.3.1":
  version: 10.3.1
  resolution: "decimal.js@npm:10.3.1"
  checksum: 0351ac9f05fe050f23227aa6a4573bee2d58fa7378fcf28d969a8c789525032effb488a90320fd3fe86a66e17b4bc507d811b15eada5b7f0e7ec5d2af4c24a59
  languageName: node
  linkType: hard

"deep-extend@npm:^0.6.0":
  version: 0.6.0
  resolution: "deep-extend@npm:0.6.0"
  checksum: 7be7e5a8d468d6b10e6a67c3de828f55001b6eb515d014f7aeb9066ce36bd5717161eb47d6a0f7bed8a9083935b465bc163ee2581c8b128d29bf61092fdf57a7
  languageName: node
  linkType: hard

"deep-is@npm:~0.1.3":
  version: 0.1.4
  resolution: "deep-is@npm:0.1.4"
  checksum: edb65dd0d7d1b9c40b2f50219aef30e116cedd6fc79290e740972c132c09106d2e80aa0bc8826673dd5a00222d4179c84b36a790eef63a4c4bca75a37ef90804
  languageName: node
  linkType: hard

"delayed-stream@npm:~1.0.0":
  version: 1.0.0
  resolution: "delayed-stream@npm:1.0.0"
  checksum: 46fe6e83e2cb1d85ba50bd52803c68be9bd953282fa7096f51fc29edd5d67ff84ff753c51966061e5ba7cb5e47ef6d36a91924eddb7f3f3483b1c560f77a0020
  languageName: node
  linkType: hard

"domexception@npm:^2.0.1":
  version: 2.0.1
  resolution: "domexception@npm:2.0.1"
  dependencies:
    webidl-conversions: ^5.0.0
  checksum: d638e9cb05c52999f1b2eb87c374b03311ea5b1d69c2f875bc92da73e17db60c12142b45c950228642ff7f845c536b65305483350d080df59003a653da80b691
  languageName: node
  linkType: hard

"emoji-regex@npm:^8.0.0":
  version: 8.0.0
  resolution: "emoji-regex@npm:8.0.0"
  checksum: d4c5c39d5a9868b5fa152f00cada8a936868fd3367f33f71be515ecee4c803132d11b31a6222b2571b1e5f7e13890156a94880345594d0ce7e3c9895f560f192
  languageName: node
  linkType: hard

"end-of-stream@npm:^1.1.0":
  version: 1.4.4
  resolution: "end-of-stream@npm:1.4.4"
  dependencies:
    once: ^1.4.0
  checksum: 530a5a5a1e517e962854a31693dbb5c0b2fc40b46dad2a56a2deec656ca040631124f4795823acc68238147805f8b021abbe221f4afed5ef3c8e8efc2024908b
  languageName: node
  linkType: hard

"escape-string-regexp@npm:^1.0.5":
  version: 1.0.5
  resolution: "escape-string-regexp@npm:1.0.5"
  checksum: 6092fda75c63b110c706b6a9bfde8a612ad595b628f0bd2147eea1d3406723020810e591effc7db1da91d80a71a737a313567c5abb3813e8d9c71f4aa595b410
  languageName: node
  linkType: hard

"escodegen@npm:^2.0.0":
  version: 2.0.0
  resolution: "escodegen@npm:2.0.0"
  dependencies:
    esprima: ^4.0.1
    estraverse: ^5.2.0
    esutils: ^2.0.2
    optionator: ^0.8.1
    source-map: ~0.6.1
  dependenciesMeta:
    source-map:
      optional: true
  bin:
    escodegen: bin/escodegen.js
    esgenerate: bin/esgenerate.js
  checksum: 5aa6b2966fafe0545e4e77936300cc94ad57cfe4dc4ebff9950492eaba83eef634503f12d7e3cbd644ecc1bab388ad0e92b06fd32222c9281a75d1cf02ec6cef
  languageName: node
  linkType: hard

"esprima@npm:^4.0.1":
  version: 4.0.1
  resolution: "esprima@npm:4.0.1"
  bin:
    esparse: ./bin/esparse.js
    esvalidate: ./bin/esvalidate.js
  checksum: b45bc805a613dbea2835278c306b91aff6173c8d034223fa81498c77dcbce3b2931bf6006db816f62eacd9fd4ea975dfd85a5b7f3c6402cfd050d4ca3c13a628
  languageName: node
  linkType: hard

"estraverse@npm:^5.2.0":
  version: 5.2.0
  resolution: "estraverse@npm:5.2.0"
  checksum: ec11b70d946bf5d7f76f91db38ef6f08109ac1b36cda293a26e678e58df4719f57f67b9ec87042afdd1f0267cee91865be3aa48d2161765a93defab5431be7b8
  languageName: node
  linkType: hard

"esutils@npm:^2.0.2":
  version: 2.0.3
  resolution: "esutils@npm:2.0.3"
  checksum: 22b5b08f74737379a840b8ed2036a5fb35826c709ab000683b092d9054e5c2a82c27818f12604bfc2a9a76b90b6834ef081edbc1c7ae30d1627012e067c6ec87
  languageName: node
  linkType: hard

"execa@npm:^0.7.0":
  version: 0.7.0
  resolution: "execa@npm:0.7.0"
  dependencies:
    cross-spawn: ^5.0.1
    get-stream: ^3.0.0
    is-stream: ^1.1.0
    npm-run-path: ^2.0.0
    p-finally: ^1.0.0
    signal-exit: ^3.0.0
    strip-eof: ^1.0.0
  checksum: dd70206d74b7217bf678ec9f04dddedc82f425df4c1d70e34c9f429d630ec407819e4bd42e3af2618981a4a3a1be000c9b651c0637be486cdab985160c20337c
  languageName: node
  linkType: hard

"execa@npm:^1.0.0":
  version: 1.0.0
  resolution: "execa@npm:1.0.0"
  dependencies:
    cross-spawn: ^6.0.0
    get-stream: ^4.0.0
    is-stream: ^1.1.0
    npm-run-path: ^2.0.0
    p-finally: ^1.0.0
    signal-exit: ^3.0.0
    strip-eof: ^1.0.0
  checksum: ddf1342c1c7d02dd93b41364cd847640f6163350d9439071abf70bf4ceb1b9b2b2e37f54babb1d8dc1df8e0d8def32d0e81e74a2e62c3e1d70c303eb4c306bc4
  languageName: node
  linkType: hard

"fast-deep-equal@npm:^3.1.1":
  version: 3.1.3
  resolution: "fast-deep-equal@npm:3.1.3"
  checksum: e21a9d8d84f53493b6aa15efc9cfd53dd5b714a1f23f67fb5dc8f574af80df889b3bce25dc081887c6d25457cce704e636395333abad896ccdec03abaf1f3f9d
  languageName: node
  linkType: hard

"fast-json-stable-stringify@npm:^2.0.0":
  version: 2.1.0
  resolution: "fast-json-stable-stringify@npm:2.1.0"
  checksum: b191531e36c607977e5b1c47811158733c34ccb3bfde92c44798929e9b4154884378536d26ad90dfecd32e1ffc09c545d23535ad91b3161a27ddbb8ebe0cbecb
  languageName: node
  linkType: hard

"fast-levenshtein@npm:~2.0.6":
  version: 2.0.6
  resolution: "fast-levenshtein@npm:2.0.6"
  checksum: 92cfec0a8dfafd9c7a15fba8f2cc29cd0b62b85f056d99ce448bbcd9f708e18ab2764bda4dd5158364f4145a7c72788538994f0d1787b956ef0d1062b0f7c24c
  languageName: node
  linkType: hard

"fast-url-parser@npm:1.1.3":
  version: 1.1.3
  resolution: "fast-url-parser@npm:1.1.3"
  dependencies:
    punycode: ^1.3.2
  checksum: 5043d0c4a8d775ff58504d56c096563c11b113e4cb8a2668c6f824a1cd4fb3812e2fdf76537eb24a7ce4ae7def6bd9747da630c617cf2a4b6ce0c42514e4f21c
  languageName: node
  linkType: hard

"follow-redirects@npm:^1.14.0":
  version: 1.14.4
  resolution: "follow-redirects@npm:1.14.4"
  peerDependenciesMeta:
    debug:
      optional: true
  checksum: d4ce74cf5c6f363168b97e706b914eb9ffb6bf4d4c6d8f8330b93088d9b90e566611ddbcf0e42c8ed5fd17598dfeda1d19230d3e9d6d6c6b4d1c10ec3a0b99be
  languageName: node
  linkType: hard

"form-data@npm:^4.0.0":
  version: 4.0.0
  resolution: "form-data@npm:4.0.0"
  dependencies:
    asynckit: ^0.4.0
    combined-stream: ^1.0.8
    mime-types: ^2.1.12
  checksum: 01135bf8675f9d5c61ff18e2e2932f719ca4de964e3be90ef4c36aacfc7b9cb2fceb5eca0b7e0190e3383fe51c5b37f4cb80b62ca06a99aaabfcfd6ac7c9328c
  languageName: node
  linkType: hard

"get-stream@npm:^3.0.0":
  version: 3.0.0
  resolution: "get-stream@npm:3.0.0"
  checksum: 36142f46005ed74ce3a45c55545ec4e7da8e243554179e345a786baf144e5c4a35fb7bdc49fadfa9f18bd08000589b6fe364abdadfc4e1eb0e1b9914a6bb9c56
  languageName: node
  linkType: hard

"get-stream@npm:^4.0.0":
  version: 4.1.0
  resolution: "get-stream@npm:4.1.0"
  dependencies:
    pump: ^3.0.0
  checksum: 443e1914170c15bd52ff8ea6eff6dfc6d712b031303e36302d2778e3de2506af9ee964d6124010f7818736dcfde05c04ba7ca6cc26883106e084357a17ae7d73
  languageName: node
  linkType: hard

"has-flag@npm:^3.0.0":
  version: 3.0.0
  resolution: "has-flag@npm:3.0.0"
  checksum: 4a15638b454bf086c8148979aae044dd6e39d63904cd452d970374fa6a87623423da485dfb814e7be882e05c096a7ccf1ebd48e7e7501d0208d8384ff4dea73b
  languageName: node
  linkType: hard

"html-encoding-sniffer@npm:^2.0.1":
  version: 2.0.1
  resolution: "html-encoding-sniffer@npm:2.0.1"
  dependencies:
    whatwg-encoding: ^1.0.5
  checksum: bf30cce461015ed7e365736fcd6a3063c7bc016a91f74398ef6158886970a96333938f7c02417ab3c12aa82e3e53b40822145facccb9ddfbcdc15a879ae4d7ba
  languageName: node
  linkType: hard

"http-proxy-agent@npm:^4.0.1":
  version: 4.0.1
  resolution: "http-proxy-agent@npm:4.0.1"
  dependencies:
    "@tootallnate/once": 1
    agent-base: 6
    debug: 4
  checksum: c6a5da5a1929416b6bbdf77b1aca13888013fe7eb9d59fc292e25d18e041bb154a8dfada58e223fc7b76b9b2d155a87e92e608235201f77d34aa258707963a82
  languageName: node
  linkType: hard

"https-proxy-agent@npm:^5.0.0":
  version: 5.0.0
  resolution: "https-proxy-agent@npm:5.0.0"
  dependencies:
    agent-base: 6
    debug: 4
  checksum: 165bfb090bd26d47693597661298006841ab733d0c7383a8cb2f17373387a94c903a3ac687090aa739de05e379ab6f868bae84ab4eac288ad85c328cd1ec9e53
  languageName: node
  linkType: hard

"iconv-lite@npm:0.4.24":
  version: 0.4.24
  resolution: "iconv-lite@npm:0.4.24"
  dependencies:
    safer-buffer: ">= 2.1.2 < 3"
  checksum: bd9f120f5a5b306f0bc0b9ae1edeb1577161503f5f8252a20f1a9e56ef8775c9959fd01c55f2d3a39d9a8abaf3e30c1abeb1895f367dcbbe0a8fd1c9ca01c4f6
  languageName: node
  linkType: hard

"ini@npm:~1.3.0":
  version: 1.3.8
  resolution: "ini@npm:1.3.8"
  checksum: dfd98b0ca3a4fc1e323e38a6c8eb8936e31a97a918d3b377649ea15bdb15d481207a0dda1021efbd86b464cae29a0d33c1d7dcaf6c5672bee17fa849bc50a1b3
  languageName: node
  linkType: hard

"is-docker@npm:^2.0.0":
  version: 2.2.1
  resolution: "is-docker@npm:2.2.1"
  bin:
    is-docker: cli.js
  checksum: 3fef7ddbf0be25958e8991ad941901bf5922ab2753c46980b60b05c1bf9c9c2402d35e6dc32e4380b980ef5e1970a5d9d5e5aa2e02d77727c3b6b5e918474c56
  languageName: node
  linkType: hard

"is-fullwidth-code-point@npm:^2.0.0":
  version: 2.0.0
  resolution: "is-fullwidth-code-point@npm:2.0.0"
  checksum: eef9c6e15f68085fec19ff6a978a6f1b8f48018fd1265035552078ee945573594933b09bbd6f562553e2a241561439f1ef5339276eba68d272001343084cfab8
  languageName: node
  linkType: hard

"is-fullwidth-code-point@npm:^3.0.0":
  version: 3.0.0
  resolution: "is-fullwidth-code-point@npm:3.0.0"
  checksum: 44a30c29457c7fb8f00297bce733f0a64cd22eca270f83e58c105e0d015e45c019491a4ab2faef91ab51d4738c670daff901c799f6a700e27f7314029e99e348
  languageName: node
  linkType: hard

"is-potential-custom-element-name@npm:^1.0.1":
  version: 1.0.1
  resolution: "is-potential-custom-element-name@npm:1.0.1"
  checksum: ced7bbbb6433a5b684af581872afe0e1767e2d1146b2207ca0068a648fb5cab9d898495d1ac0583524faaf24ca98176a7d9876363097c2d14fee6dd324f3a1ab
  languageName: node
  linkType: hard

"is-stream@npm:^1.1.0":
  version: 1.1.0
  resolution: "is-stream@npm:1.1.0"
  checksum: 063c6bec9d5647aa6d42108d4c59723d2bd4ae42135a2d4db6eadbd49b7ea05b750fd69d279e5c7c45cf9da753ad2c00d8978be354d65aa9f6bb434969c6a2ae
  languageName: node
  linkType: hard

"is-wsl@npm:^2.1.1":
  version: 2.2.0
  resolution: "is-wsl@npm:2.2.0"
  dependencies:
    is-docker: ^2.0.0
  checksum: 20849846ae414997d290b75e16868e5261e86ff5047f104027026fd61d8b5a9b0b3ade16239f35e1a067b3c7cc02f70183cb661010ed16f4b6c7c93dad1b19d8
  languageName: node
  linkType: hard

"isexe@npm:^2.0.0":
  version: 2.0.0
  resolution: "isexe@npm:2.0.0"
  checksum: 26bf6c5480dda5161c820c5b5c751ae1e766c587b1f951ea3fcfc973bafb7831ae5b54a31a69bd670220e42e99ec154475025a468eae58ea262f813fdc8d1c62
  languageName: node
  linkType: hard

"jsdom@npm:^17.0.0":
  version: 17.0.0
  resolution: "jsdom@npm:17.0.0"
  dependencies:
    abab: ^2.0.5
    acorn: ^8.4.1
    acorn-globals: ^6.0.0
    cssom: ^0.5.0
    cssstyle: ^2.3.0
    data-urls: ^3.0.0
    decimal.js: ^10.3.1
    domexception: ^2.0.1
    escodegen: ^2.0.0
    form-data: ^4.0.0
    html-encoding-sniffer: ^2.0.1
    http-proxy-agent: ^4.0.1
    https-proxy-agent: ^5.0.0
    is-potential-custom-element-name: ^1.0.1
    nwsapi: ^2.2.0
    parse5: 6.0.1
    saxes: ^5.0.1
    symbol-tree: ^3.2.4
    tough-cookie: ^4.0.0
    w3c-hr-time: ^1.0.2
    w3c-xmlserializer: ^2.0.0
    webidl-conversions: ^6.1.0
    whatwg-encoding: ^1.0.5
    whatwg-mimetype: ^2.3.0
    whatwg-url: ^9.0.0
    ws: ^8.0.0
    xml-name-validator: ^3.0.0
  peerDependencies:
    canvas: ^2.5.0
  peerDependenciesMeta:
    canvas:
      optional: true
  checksum: 4b156517267662b63e43616a03afbbb10c50383e8552d22e695f322ea94b0b33ee61e6401113dd4bacf5b61ac26d94a263296d87cdd8f1a7ab69cf8785f72b88
  languageName: node
  linkType: hard

"json-schema-traverse@npm:^0.4.1":
  version: 0.4.1
  resolution: "json-schema-traverse@npm:0.4.1"
  checksum: 7486074d3ba247769fda17d5181b345c9fb7d12e0da98b22d1d71a5db9698d8b4bd900a3ec1a4ffdd60846fc2556274a5c894d0c48795f14cb03aeae7b55260b
  languageName: node
  linkType: hard

"json-stringify-safe@npm:^5.0.1":
  version: 5.0.1
  resolution: "json-stringify-safe@npm:5.0.1"
  checksum: 48ec0adad5280b8a96bb93f4563aa1667fd7a36334f79149abd42446d0989f2ddc58274b479f4819f1f00617957e6344c886c55d05a4e15ebb4ab931e4a6a8ee
  languageName: node
  linkType: hard

"levn@npm:~0.3.0":
  version: 0.3.0
  resolution: "levn@npm:0.3.0"
  dependencies:
    prelude-ls: ~1.1.2
    type-check: ~0.3.2
  checksum: 0d084a524231a8246bb10fec48cdbb35282099f6954838604f3c7fc66f2e16fa66fd9cc2f3f20a541a113c4dafdf181e822c887c8a319c9195444e6c64ac395e
  languageName: node
  linkType: hard

"lru-cache@npm:^4.0.1":
  version: 4.1.5
  resolution: "lru-cache@npm:4.1.5"
  dependencies:
    pseudomap: ^1.0.2
    yallist: ^2.1.2
  checksum: 4bb4b58a36cd7dc4dcec74cbe6a8f766a38b7426f1ff59d4cf7d82a2aa9b9565cd1cb98f6ff60ce5cd174524868d7bc9b7b1c294371851356066ca9ac4cf135a
  languageName: node
  linkType: hard

"mercury@workspace:.":
  version: 0.0.0-use.local
  resolution: "mercury@workspace:."
  dependencies:
    await-to-js: ^3.0.0
    axios: ^0.21.4
    bottleneck: ^2.19.5
    cli-progress: ^3.9.1
    jsdom: ^17.0.0
    random-useragent: ^0.5.0
    serve: ^12.0.1
  languageName: unknown
  linkType: soft

"mime-db@npm:1.49.0":
  version: 1.49.0
  resolution: "mime-db@npm:1.49.0"
  checksum: 3744efc45b17896ff8a5934a761c434d5ffe3c7816662002d799ca9934347e00f99ae4d9b4ddf1c48d391cc9e522cc4523a6e77e7701f8e27c426e3e1d6e215a
  languageName: node
  linkType: hard

"mime-db@npm:>= 1.43.0 < 2":
  version: 1.50.0
  resolution: "mime-db@npm:1.50.0"
  checksum: 95fcc19c3664ae72391c8a7e4015dde7fb6817c98c951493ca3a1d48050feb8ee08810a372ce7d9e16310042d26e5bda168916f600583a9a583655eeea8ff5f5
  languageName: node
  linkType: hard

"mime-db@npm:~1.33.0":
  version: 1.33.0
  resolution: "mime-db@npm:1.33.0"
  checksum: 281a0772187c9b8f6096976cb193ac639c6007ac85acdbb8dc1617ed7b0f4777fa001d1b4f1b634532815e60717c84b2f280201d55677fb850c9d45015b50084
  languageName: node
  linkType: hard

"mime-types@npm:2.1.18":
  version: 2.1.18
  resolution: "mime-types@npm:2.1.18"
  dependencies:
    mime-db: ~1.33.0
  checksum: 729265eff1e5a0e87cb7f869da742a610679585167d2f2ec997a7387fc6aedf8e5cad078e99b0164a927bdf3ace34fca27430d6487456ad090cba5594441ba43
  languageName: node
  linkType: hard

"mime-types@npm:^2.1.12, mime-types@npm:~2.1.24":
  version: 2.1.32
  resolution: "mime-types@npm:2.1.32"
  dependencies:
    mime-db: 1.49.0
  checksum: 4487dfd2f872126d2c219ec731ad47a6169a438d5a4cce6ecef7594ce08eaefaf0d85429485a76ec005f095016c7ec488a24cf8bfcc0ea06de0355e23395746f
  languageName: node
  linkType: hard

"minimatch@npm:3.0.4":
  version: 3.0.4
  resolution: "minimatch@npm:3.0.4"
  dependencies:
    brace-expansion: ^1.1.7
  checksum: 66ac295f8a7b59788000ea3749938b0970344c841750abd96694f80269b926ebcafad3deeb3f1da2522978b119e6ae3a5869b63b13a7859a456b3408bd18a078
  languageName: node
  linkType: hard

"minimist@npm:^1.2.0":
  version: 1.2.5
  resolution: "minimist@npm:1.2.5"
  checksum: 86706ce5b36c16bfc35c5fe3dbb01d5acdc9a22f2b6cc810b6680656a1d2c0e44a0159c9a3ba51fb072bb5c203e49e10b51dcd0eec39c481f4c42086719bae52
  languageName: node
  linkType: hard

"ms@npm:2.0.0":
  version: 2.0.0
  resolution: "ms@npm:2.0.0"
  checksum: 0e6a22b8b746d2e0b65a430519934fefd41b6db0682e3477c10f60c76e947c4c0ad06f63ffdf1d78d335f83edee8c0aa928aa66a36c7cd95b69b26f468d527f4
  languageName: node
  linkType: hard

"ms@npm:2.1.2":
  version: 2.1.2
  resolution: "ms@npm:2.1.2"
  checksum: 673cdb2c3133eb050c745908d8ce632ed2c02d85640e2edb3ace856a2266a813b30c613569bf3354fdf4ea7d1a1494add3bfa95e2713baa27d0c2c71fc44f58f
  languageName: node
  linkType: hard

"negotiator@npm:0.6.2":
  version: 0.6.2
  resolution: "negotiator@npm:0.6.2"
  checksum: dfddaff6c06792f1c4c3809e29a427b8daef8cd437c83b08dd51d7ee11bbd1c29d9512d66b801144d6c98e910ffd8723f2432e0cbf8b18d41d2a09599c975ab3
  languageName: node
  linkType: hard

"nice-try@npm:^1.0.4":
  version: 1.0.5
  resolution: "nice-try@npm:1.0.5"
  checksum: 0b4af3b5bb5d86c289f7a026303d192a7eb4417231fe47245c460baeabae7277bcd8fd9c728fb6bd62c30b3e15cd6620373e2cf33353b095d8b403d3e8a15aff
  languageName: node
  linkType: hard

"npm-run-path@npm:^2.0.0":
  version: 2.0.2
  resolution: "npm-run-path@npm:2.0.2"
  dependencies:
    path-key: ^2.0.0
  checksum: acd5ad81648ba4588ba5a8effb1d98d2b339d31be16826a118d50f182a134ac523172101b82eab1d01cb4c2ba358e857d54cfafd8163a1ffe7bd52100b741125
  languageName: node
  linkType: hard

"nwsapi@npm:^2.2.0":
  version: 2.2.0
  resolution: "nwsapi@npm:2.2.0"
  checksum: 5ef4a9bc0c1a5b7f2e014aa6a4b359a257503b796618ed1ef0eb852098f77e772305bb0e92856e4bbfa3e6c75da48c0113505c76f144555ff38867229c2400a7
  languageName: node
  linkType: hard

"on-headers@npm:~1.0.1":
  version: 1.0.2
  resolution: "on-headers@npm:1.0.2"
  checksum: 2bf13467215d1e540a62a75021e8b318a6cfc5d4fc53af8e8f84ad98dbcea02d506c6d24180cd62e1d769c44721ba542f3154effc1f7579a8288c9f7873ed8e5
  languageName: node
  linkType: hard

"once@npm:^1.3.1, once@npm:^1.4.0":
  version: 1.4.0
  resolution: "once@npm:1.4.0"
  dependencies:
    wrappy: 1
  checksum: cd0a88501333edd640d95f0d2700fbde6bff20b3d4d9bdc521bdd31af0656b5706570d6c6afe532045a20bb8dc0849f8332d6f2a416e0ba6d3d3b98806c7db68
  languageName: node
  linkType: hard

"optionator@npm:^0.8.1":
  version: 0.8.3
  resolution: "optionator@npm:0.8.3"
  dependencies:
    deep-is: ~0.1.3
    fast-levenshtein: ~2.0.6
    levn: ~0.3.0
    prelude-ls: ~1.1.2
    type-check: ~0.3.2
    word-wrap: ~1.2.3
  checksum: b8695ddf3d593203e25ab0900e265d860038486c943ff8b774f596a310f8ceebdb30c6832407a8198ba3ec9debe1abe1f51d4aad94843612db3b76d690c61d34
  languageName: node
  linkType: hard

"p-finally@npm:^1.0.0":
  version: 1.0.0
  resolution: "p-finally@npm:1.0.0"
  checksum: 93a654c53dc805dd5b5891bab16eb0ea46db8f66c4bfd99336ae929323b1af2b70a8b0654f8f1eae924b2b73d037031366d645f1fd18b3d30cbd15950cc4b1d4
  languageName: node
  linkType: hard

"parse5@npm:6.0.1":
  version: 6.0.1
  resolution: "parse5@npm:6.0.1"
  checksum: 7d569a176c5460897f7c8f3377eff640d54132b9be51ae8a8fa4979af940830b2b0c296ce75e5bd8f4041520aadde13170dbdec44889975f906098ea0002f4bd
  languageName: node
  linkType: hard

"path-is-inside@npm:1.0.2":
  version: 1.0.2
  resolution: "path-is-inside@npm:1.0.2"
  checksum: 0b5b6c92d3018b82afb1f74fe6de6338c4c654de4a96123cb343f2b747d5606590ac0c890f956ed38220a4ab59baddfd7b713d78a62d240b20b14ab801fa02cb
  languageName: node
  linkType: hard

"path-key@npm:^2.0.0, path-key@npm:^2.0.1":
  version: 2.0.1
  resolution: "path-key@npm:2.0.1"
  checksum: f7ab0ad42fe3fb8c7f11d0c4f849871e28fbd8e1add65c370e422512fc5887097b9cf34d09c1747d45c942a8c1e26468d6356e2df3f740bf177ab8ca7301ebfd
  languageName: node
  linkType: hard

"path-to-regexp@npm:2.2.1":
  version: 2.2.1
  resolution: "path-to-regexp@npm:2.2.1"
  checksum: b921a74e7576e25b06ad1635abf7e8125a29220d2efc2b71d74b9591f24a27e6f09078fa9a1b27516a097ea0637b7cab79d19b83d7f36a8ef3ef5422770e89d9
  languageName: node
  linkType: hard

"prelude-ls@npm:~1.1.2":
  version: 1.1.2
  resolution: "prelude-ls@npm:1.1.2"
  checksum: c4867c87488e4a0c233e158e4d0d5565b609b105d75e4c05dc760840475f06b731332eb93cc8c9cecb840aa8ec323ca3c9a56ad7820ad2e63f0261dadcb154e4
  languageName: node
  linkType: hard

"pseudomap@npm:^1.0.2":
  version: 1.0.2
  resolution: "pseudomap@npm:1.0.2"
  checksum: 856c0aae0ff2ad60881168334448e898ad7a0e45fe7386d114b150084254c01e200c957cf378378025df4e052c7890c5bd933939b0e0d2ecfcc1dc2f0b2991f5
  languageName: node
  linkType: hard

"psl@npm:^1.1.33":
  version: 1.8.0
  resolution: "psl@npm:1.8.0"
  checksum: 6150048ed2da3f919478bee8a82f3828303bc0fc730fb015a48f83c9977682c7b28c60ab01425a72d82a2891a1681627aa530a991d50c086b48a3be27744bde7
  languageName: node
  linkType: hard

"pump@npm:^3.0.0":
  version: 3.0.0
  resolution: "pump@npm:3.0.0"
  dependencies:
    end-of-stream: ^1.1.0
    once: ^1.3.1
  checksum: e42e9229fba14732593a718b04cb5e1cfef8254544870997e0ecd9732b189a48e1256e4e5478148ecb47c8511dca2b09eae56b4d0aad8009e6fac8072923cfc9
  languageName: node
  linkType: hard

"punycode@npm:^1.3.2":
  version: 1.4.1
  resolution: "punycode@npm:1.4.1"
  checksum: fa6e698cb53db45e4628559e557ddaf554103d2a96a1d62892c8f4032cd3bc8871796cae9eabc1bc700e2b6677611521ce5bb1d9a27700086039965d0cf34518
  languageName: node
  linkType: hard

"punycode@npm:^2.1.0, punycode@npm:^2.1.1":
  version: 2.1.1
  resolution: "punycode@npm:2.1.1"
  checksum: 823bf443c6dd14f669984dea25757b37993f67e8d94698996064035edd43bed8a5a17a9f12e439c2b35df1078c6bec05a6c86e336209eb1061e8025c481168e8
  languageName: node
  linkType: hard

"random-seed@npm:^0.3.0":
  version: 0.3.0
  resolution: "random-seed@npm:0.3.0"
  dependencies:
    json-stringify-safe: ^5.0.1
  checksum: 0a82692fc8d830bc26259dad78a911969343c247afb4be5d578c30fd9fbe76c7ce3f6900422310fc90fe05d6baa12e84a1b9ff93b0b7fda757ecfa40645a1f72
  languageName: node
  linkType: hard

"random-useragent@npm:^0.5.0":
  version: 0.5.0
  resolution: "random-useragent@npm:0.5.0"
  dependencies:
    random-seed: ^0.3.0
  checksum: 604a7fc63a12b4ef949c67cf0a48b22c55c622da7cc44f80ec7be45164cefcf6f701a5182efbaa6543bd17ce2f653da419f1529d0ba1f2458ee0b1a90fba4cb3
  languageName: node
  linkType: hard

"range-parser@npm:1.2.0":
  version: 1.2.0
  resolution: "range-parser@npm:1.2.0"
  checksum: bdf397f43fedc15c559d3be69c01dedf38444ca7a1610f5bf5955e3f3da6057a892f34691e7ebdd8c7e1698ce18ef6c4d4811f70e658dda3ff230ef741f8423a
  languageName: node
  linkType: hard

"rc@npm:^1.0.1, rc@npm:^1.1.6":
  version: 1.2.8
  resolution: "rc@npm:1.2.8"
  dependencies:
    deep-extend: ^0.6.0
    ini: ~1.3.0
    minimist: ^1.2.0
    strip-json-comments: ~2.0.1
  bin:
    rc: ./cli.js
  checksum: 2e26e052f8be2abd64e6d1dabfbd7be03f80ec18ccbc49562d31f617d0015fbdbcf0f9eed30346ea6ab789e0fdfe4337f033f8016efdbee0df5354751842080e
  languageName: node
  linkType: hard

"registry-auth-token@npm:3.3.2":
  version: 3.3.2
  resolution: "registry-auth-token@npm:3.3.2"
  dependencies:
    rc: ^1.1.6
    safe-buffer: ^5.0.1
  checksum: c9d7ae160a738f1fa825556e3669e6c771d2c0239ce37679f7e8646157a97d0a76464738be075002a1f754ef9bfb913b689f4bbfd5296d28f136fbf98c8c2217
  languageName: node
  linkType: hard

"registry-url@npm:3.1.0":
  version: 3.1.0
  resolution: "registry-url@npm:3.1.0"
  dependencies:
    rc: ^1.0.1
  checksum: 6d223da41b04e1824f5faa63905c6f2e43b216589d72794111573f017352b790aef42cd1f826463062f89d804abb2027e3d9665d2a9a0426a11eedd04d470af3
  languageName: node
  linkType: hard

"safe-buffer@npm:5.1.2":
  version: 5.1.2
  resolution: "safe-buffer@npm:5.1.2"
  checksum: f2f1f7943ca44a594893a852894055cf619c1fbcb611237fc39e461ae751187e7baf4dc391a72125e0ac4fb2d8c5c0b3c71529622e6a58f46b960211e704903c
  languageName: node
  linkType: hard

"safe-buffer@npm:^5.0.1":
  version: 5.2.1
  resolution: "safe-buffer@npm:5.2.1"
  checksum: b99c4b41fdd67a6aaf280fcd05e9ffb0813654894223afb78a31f14a19ad220bba8aba1cb14eddce1fcfb037155fe6de4e861784eb434f7d11ed58d1e70dd491
  languageName: node
  linkType: hard

"safer-buffer@npm:>= 2.1.2 < 3":
  version: 2.1.2
  resolution: "safer-buffer@npm:2.1.2"
  checksum: cab8f25ae6f1434abee8d80023d7e72b598cf1327164ddab31003c51215526801e40b66c5e65d658a0af1e9d6478cadcb4c745f4bd6751f97d8644786c0978b0
  languageName: node
  linkType: hard

"saxes@npm:^5.0.1":
  version: 5.0.1
  resolution: "saxes@npm:5.0.1"
  dependencies:
    xmlchars: ^2.2.0
  checksum: 5636b55cf15f7cf0baa73f2797bf992bdcf75d1b39d82c0aa4608555c774368f6ac321cb641fd5f3d3ceb87805122cd47540da6a7b5960fe0dbdb8f8c263f000
  languageName: node
  linkType: hard

"semver@npm:^5.5.0":
  version: 5.7.1
  resolution: "semver@npm:5.7.1"
  bin:
    semver: ./bin/semver
  checksum: 57fd0acfd0bac382ee87cd52cd0aaa5af086a7dc8d60379dfe65fea491fb2489b6016400813930ecd61fd0952dae75c115287a1b16c234b1550887117744dfaf
  languageName: node
  linkType: hard

"serve-handler@npm:6.1.3":
  version: 6.1.3
  resolution: "serve-handler@npm:6.1.3"
  dependencies:
    bytes: 3.0.0
    content-disposition: 0.5.2
    fast-url-parser: 1.1.3
    mime-types: 2.1.18
    minimatch: 3.0.4
    path-is-inside: 1.0.2
    path-to-regexp: 2.2.1
    range-parser: 1.2.0
  checksum: 384c1bc10add07a554207f918acaa75af47fcfd8fb89e070faa3468ab45ec5bbc9f976e62d659b6b63404edcf5c54efb7e0a48f3f55946eec83b62b283b9837e
  languageName: node
  linkType: hard

"serve@npm:^12.0.1":
  version: 12.0.1
  resolution: "serve@npm:12.0.1"
  dependencies:
    "@zeit/schemas": 2.6.0
    ajv: 6.12.6
    arg: 2.0.0
    boxen: 1.3.0
    chalk: 2.4.1
    clipboardy: 2.3.0
    compression: 1.7.3
    serve-handler: 6.1.3
    update-check: 1.5.2
  bin:
    serve: bin/serve.js
  checksum: 6069981c603003b2bfff6fc789780b52595ad7a3752ab9aff309d8e094fa577a20467b54cd192431031e30c6d65bf04286c36955fc54bacec9bd00efc9c388db
  languageName: node
  linkType: hard

"shebang-command@npm:^1.2.0":
  version: 1.2.0
  resolution: "shebang-command@npm:1.2.0"
  dependencies:
    shebang-regex: ^1.0.0
  checksum: 9eed1750301e622961ba5d588af2212505e96770ec376a37ab678f965795e995ade7ed44910f5d3d3cb5e10165a1847f52d3348c64e146b8be922f7707958908
  languageName: node
  linkType: hard

"shebang-regex@npm:^1.0.0":
  version: 1.0.0
  resolution: "shebang-regex@npm:1.0.0"
  checksum: 404c5a752cd40f94591dfd9346da40a735a05139dac890ffc229afba610854d8799aaa52f87f7e0c94c5007f2c6af55bdcaeb584b56691926c5eaf41dc8f1372
  languageName: node
  linkType: hard

"signal-exit@npm:^3.0.0":
  version: 3.0.4
  resolution: "signal-exit@npm:3.0.4"
  checksum: e72633b05df8d65035a0b31718b1a587f55b25953a8e7b959f6c3a963cc0abcb70a0d78a7e0792bc104c874525efdc619e823095d382a775641e3867b1b68c54
  languageName: node
  linkType: hard

"source-map@npm:~0.6.1":
  version: 0.6.1
  resolution: "source-map@npm:0.6.1"
  checksum: 59ce8640cf3f3124f64ac289012c2b8bd377c238e316fb323ea22fbfe83da07d81e000071d7242cad7a23cd91c7de98e4df8830ec3f133cb6133a5f6e9f67bc2
  languageName: node
  linkType: hard

"string-width@npm:^2.0.0, string-width@npm:^2.1.1":
  version: 2.1.1
  resolution: "string-width@npm:2.1.1"
  dependencies:
    is-fullwidth-code-point: ^2.0.0
    strip-ansi: ^4.0.0
  checksum: d6173abe088c615c8dffaf3861dc5d5906ed3dc2d6fd67ff2bd2e2b5dce7fd683c5240699cf0b1b8aa679a3b3bd6b28b5053c824cb89b813d7f6541d8f89064a
  languageName: node
  linkType: hard

"string-width@npm:^4.2.0":
  version: 4.2.2
  resolution: "string-width@npm:4.2.2"
  dependencies:
    emoji-regex: ^8.0.0
    is-fullwidth-code-point: ^3.0.0
    strip-ansi: ^6.0.0
  checksum: 343e089b0e66e0f72aab4ad1d9b6f2c9cc5255844b0c83fd9b53f2a3b3fd0421bdd6cb05be96a73117eb012db0887a6c1d64ca95aaa50c518e48980483fea0ab
  languageName: node
  linkType: hard

"strip-ansi@npm:^4.0.0":
  version: 4.0.0
  resolution: "strip-ansi@npm:4.0.0"
  dependencies:
    ansi-regex: ^3.0.0
  checksum: d9186e6c0cf78f25274f6750ee5e4a5725fb91b70fdd79aa5fe648eab092a0ec5b9621b22d69d4534a56319f75d8944efbd84e3afa8d4ad1b9a9491f12c84eca
  languageName: node
  linkType: hard

"strip-ansi@npm:^6.0.0":
  version: 6.0.0
  resolution: "strip-ansi@npm:6.0.0"
  dependencies:
    ansi-regex: ^5.0.0
  checksum: 04c3239ede44c4d195b0e66c0ad58b932f08bec7d05290416d361ff908ad282ecdaf5d9731e322c84f151d427436bde01f05b7422c3ec26dd927586736b0e5d0
  languageName: node
  linkType: hard

"strip-eof@npm:^1.0.0":
  version: 1.0.0
  resolution: "strip-eof@npm:1.0.0"
  checksum: 40bc8ddd7e072f8ba0c2d6d05267b4e0a4800898c3435b5fb5f5a21e6e47dfaff18467e7aa0d1844bb5d6274c3097246595841fbfeb317e541974ee992cac506
  languageName: node
  linkType: hard

"strip-json-comments@npm:~2.0.1":
  version: 2.0.1
  resolution: "strip-json-comments@npm:2.0.1"
  checksum: 1074ccb63270d32ca28edfb0a281c96b94dc679077828135141f27d52a5a398ef5e78bcf22809d23cadc2b81dfbe345eb5fd8699b385c8b1128907dec4a7d1e1
  languageName: node
  linkType: hard

"supports-color@npm:^5.3.0":
  version: 5.5.0
  resolution: "supports-color@npm:5.5.0"
  dependencies:
    has-flag: ^3.0.0
  checksum: 95f6f4ba5afdf92f495b5a912d4abee8dcba766ae719b975c56c084f5004845f6f5a5f7769f52d53f40e21952a6d87411bafe34af4a01e65f9926002e38e1dac
  languageName: node
  linkType: hard

"symbol-tree@npm:^3.2.4":
  version: 3.2.4
  resolution: "symbol-tree@npm:3.2.4"
  checksum: 6e8fc7e1486b8b54bea91199d9535bb72f10842e40c79e882fc94fb7b14b89866adf2fd79efa5ebb5b658bc07fb459ccce5ac0e99ef3d72f474e74aaf284029d
  languageName: node
  linkType: hard

"term-size@npm:^1.2.0":
  version: 1.2.0
  resolution: "term-size@npm:1.2.0"
  dependencies:
    execa: ^0.7.0
  checksum: 833aeb21c74d735c6ab63859fec6a7308d8724089b23b6f58e1a21c015058383529222a63074cbf0814a1812621bf11f01e60d5c5afbbfedcc31d115bf54631a
  languageName: node
  linkType: hard

"tough-cookie@npm:^4.0.0":
  version: 4.0.0
  resolution: "tough-cookie@npm:4.0.0"
  dependencies:
    psl: ^1.1.33
    punycode: ^2.1.1
    universalify: ^0.1.2
  checksum: 0891b37eb7d17faa3479d47f0dce2e3007f2583094ad272f2670d120fbcc3df3b0b0a631ba96ecad49f9e2297d93ff8995ce0d3292d08dd7eabe162f5b224d69
  languageName: node
  linkType: hard

"tr46@npm:^2.1.0":
  version: 2.1.0
  resolution: "tr46@npm:2.1.0"
  dependencies:
    punycode: ^2.1.1
  checksum: ffe6049b9dca3ae329b059aada7f515b0f0064c611b39b51ff6b53897e954650f6f63d9319c6c008d36ead477c7b55e5f64c9dc60588ddc91ff720d64eb710b3
  languageName: node
  linkType: hard

"type-check@npm:~0.3.2":
  version: 0.3.2
  resolution: "type-check@npm:0.3.2"
  dependencies:
    prelude-ls: ~1.1.2
  checksum: dd3b1495642731bc0e1fc40abe5e977e0263005551ac83342ecb6f4f89551d106b368ec32ad3fb2da19b3bd7b2d1f64330da2ea9176d8ddbfe389fb286eb5124
  languageName: node
  linkType: hard

"universalify@npm:^0.1.2":
  version: 0.1.2
  resolution: "universalify@npm:0.1.2"
  checksum: 40cdc60f6e61070fe658ca36016a8f4ec216b29bf04a55dce14e3710cc84c7448538ef4dad3728d0bfe29975ccd7bfb5f414c45e7b78883567fb31b246f02dff
  languageName: node
  linkType: hard

"update-check@npm:1.5.2":
  version: 1.5.2
  resolution: "update-check@npm:1.5.2"
  dependencies:
    registry-auth-token: 3.3.2
    registry-url: 3.1.0
  checksum: 82b42978610ef616afd374153bcbff5055c6482454f3391fe5df48c0bd9fe63de16733f100f8b8d12cea7b33d094d15bdd01ef329ff123f127ca3dcf2b7dfce5
  languageName: node
  linkType: hard

"uri-js@npm:^4.2.2":
  version: 4.4.1
  resolution: "uri-js@npm:4.4.1"
  dependencies:
    punycode: ^2.1.0
  checksum: 7167432de6817fe8e9e0c9684f1d2de2bb688c94388f7569f7dbdb1587c9f4ca2a77962f134ec90be0cc4d004c939ff0d05acc9f34a0db39a3c797dada262633
  languageName: node
  linkType: hard

"vary@npm:~1.1.2":
  version: 1.1.2
  resolution: "vary@npm:1.1.2"
  checksum: ae0123222c6df65b437669d63dfa8c36cee20a504101b2fcd97b8bf76f91259c17f9f2b4d70a1e3c6bbcee7f51b28392833adb6b2770b23b01abec84e369660b
  languageName: node
  linkType: hard

"w3c-hr-time@npm:^1.0.2":
  version: 1.0.2
  resolution: "w3c-hr-time@npm:1.0.2"
  dependencies:
    browser-process-hrtime: ^1.0.0
  checksum: ec3c2dacbf8050d917bbf89537a101a08c2e333b4c19155f7d3bedde43529d4339db6b3d049d9610789cb915f9515f8be037e0c54c079e9d4735c50b37ed52b9
  languageName: node
  linkType: hard

"w3c-xmlserializer@npm:^2.0.0":
  version: 2.0.0
  resolution: "w3c-xmlserializer@npm:2.0.0"
  dependencies:
    xml-name-validator: ^3.0.0
  checksum: ae25c51cf71f1fb2516df1ab33a481f83461a117565b95e3d0927432522323f93b1b2846cbb60196d337970c421adb604fc2d0d180c6a47a839da01db5b9973b
  languageName: node
  linkType: hard

"webidl-conversions@npm:^5.0.0":
  version: 5.0.0
  resolution: "webidl-conversions@npm:5.0.0"
  checksum: ccf1ec2ca7c0b5671e5440ace4a66806ae09c49016ab821481bec0c05b1b82695082dc0a27d1fe9d804d475a408ba0c691e6803fd21be608e710955d4589cd69
  languageName: node
  linkType: hard

"webidl-conversions@npm:^6.1.0":
  version: 6.1.0
  resolution: "webidl-conversions@npm:6.1.0"
  checksum: 1f526507aa491f972a0c1409d07f8444e1d28778dfa269a9971f2e157182f3d496dc33296e4ed45b157fdb3bf535bb90c90bf10c50dcf1dd6caacb2a34cc84fb
  languageName: node
  linkType: hard

"whatwg-encoding@npm:^1.0.5":
  version: 1.0.5
  resolution: "whatwg-encoding@npm:1.0.5"
  dependencies:
    iconv-lite: 0.4.24
  checksum: 5be4efe111dce29ddee3448d3915477fcc3b28f991d9cf1300b4e50d6d189010d47bca2f51140a844cf9b726e8f066f4aee72a04d687bfe4f2ee2767b2f5b1e6
  languageName: node
  linkType: hard

"whatwg-mimetype@npm:^2.3.0":
  version: 2.3.0
  resolution: "whatwg-mimetype@npm:2.3.0"
  checksum: 23eb885940bcbcca4ff841c40a78e9cbb893ec42743993a42bf7aed16085b048b44b06f3402018931687153550f9a32d259dfa524e4f03577ab898b6965e5383
  languageName: node
  linkType: hard

"whatwg-url@npm:^9.0.0":
  version: 9.1.0
  resolution: "whatwg-url@npm:9.1.0"
  dependencies:
    tr46: ^2.1.0
    webidl-conversions: ^6.1.0
  checksum: cfee81bb7f87036e1151da15cefd3076fa97a4a4a658c4b58f6e74891acf25f180aa955e761cda77995f6e260b8dc3c4326ebc83d539ed978a50062c6b3bd0d1
  languageName: node
  linkType: hard

"which@npm:^1.2.9":
  version: 1.3.1
  resolution: "which@npm:1.3.1"
  dependencies:
    isexe: ^2.0.0
  bin:
    which: ./bin/which
  checksum: f2e185c6242244b8426c9df1510e86629192d93c1a986a7d2a591f2c24869e7ffd03d6dac07ca863b2e4c06f59a4cc9916c585b72ee9fa1aa609d0124df15e04
  languageName: node
  linkType: hard

"widest-line@npm:^2.0.0":
  version: 2.0.1
  resolution: "widest-line@npm:2.0.1"
  dependencies:
    string-width: ^2.1.1
  checksum: 6245b1f2cff418107f937691d1cafd0e416b9e350aa79e3853dc0759ad20849451d7126c2f06d0a13286d37b44b8e79e4220df09630bce1e4722d9808bc7bfd2
  languageName: node
  linkType: hard

"word-wrap@npm:~1.2.3":
  version: 1.2.3
  resolution: "word-wrap@npm:1.2.3"
  checksum: 30b48f91fcf12106ed3186ae4fa86a6a1842416df425be7b60485de14bec665a54a68e4b5156647dec3a70f25e84d270ca8bc8cd23182ed095f5c7206a938c1f
  languageName: node
  linkType: hard

"wrappy@npm:1":
  version: 1.0.2
  resolution: "wrappy@npm:1.0.2"
  checksum: 159da4805f7e84a3d003d8841557196034155008f817172d4e986bd591f74aa82aa7db55929a54222309e01079a65a92a9e6414da5a6aa4b01ee44a511ac3ee5
  languageName: node
  linkType: hard

"ws@npm:^8.0.0":
  version: 8.2.2
  resolution: "ws@npm:8.2.2"
  peerDependencies:
    bufferutil: ^4.0.1
    utf-8-validate: ^5.0.2
  peerDependenciesMeta:
    bufferutil:
      optional: true
    utf-8-validate:
      optional: true
  checksum: 25e764c631141bdca45badc86e69437b8791e57e461f9a16c0f7cd779baf70c3fbba07ecdd9e0d34fea1155ddcf62ef165cd7f81b68ed545bc7d455c15a85fb0
  languageName: node
  linkType: hard

"xml-name-validator@npm:^3.0.0":
  version: 3.0.0
  resolution: "xml-name-validator@npm:3.0.0"
  checksum: b3ac459afed783c285bb98e4960bd1f3ba12754fd4f2320efa0f9181ca28928c53cc75ca660d15d205e81f92304419afe94c531c7cfb3e0649aa6d140d53ecb0
  languageName: node
  linkType: hard

"xmlchars@npm:^2.2.0":
  version: 2.2.0
  resolution: "xmlchars@npm:2.2.0"
  checksum: 8c70ac94070ccca03f47a81fcce3b271bd1f37a591bf5424e787ae313fcb9c212f5f6786e1fa82076a2c632c0141552babcd85698c437506dfa6ae2d58723062
  languageName: node
  linkType: hard

"yallist@npm:^2.1.2":
  version: 2.1.2
  resolution: "yallist@npm:2.1.2"
  checksum: 9ba99409209f485b6fcb970330908a6d41fa1c933f75e08250316cce19383179a6b70a7e0721b89672ebb6199cc377bf3e432f55100da6a7d6e11902b0a642cb
  languageName: node
  linkType: hard
