# This file is generated by running "yarn install" inside your project.
# Manual changes might be lost - proceed with caution!

__metadata:
  version: 4
  cacheKey: 8

"await-to-js@npm:^3.0.0":
  version: 3.0.0
  resolution: "await-to-js@npm:3.0.0"
  checksum: b6e9dcf9f0990312d2ae28fcfa0a2c2d1ba48baaa161591fba61d3accf97072ce8a7187ee4e889f3148e1707a7ed1d174b9dd04ce4f79f02d7f8c9e017e90f8e
  languageName: node
  linkType: hard

"axios@npm:^0.21.4":
  version: 0.21.4
  resolution: "axios@npm:0.21.4"
  dependencies:
    follow-redirects: ^1.14.0
  checksum: 44245f24ac971e7458f3120c92f9d66d1fc695e8b97019139de5b0cc65d9b8104647db01e5f46917728edfc0cfd88eb30fc4c55e6053eef4ace76768ce95ff3c
  languageName: node
  linkType: hard

"follow-redirects@npm:^1.14.0":
  version: 1.14.4
  resolution: "follow-redirects@npm:1.14.4"
  peerDependenciesMeta:
    debug:
      optional: true
  checksum: d4ce74cf5c6f363168b97e706b914eb9ffb6bf4d4c6d8f8330b93088d9b90e566611ddbcf0e42c8ed5fd17598dfeda1d19230d3e9d6d6c6b4d1c10ec3a0b99be
  languageName: node
  linkType: hard

"mercury@workspace:.":
  version: 0.0.0-use.local
  resolution: "mercury@workspace:."
  dependencies:
    await-to-js: ^3.0.0
    axios: ^0.21.4
  languageName: unknown
  linkType: soft
